
Microsoft Visual Studio Solution File, Format Version 12.00
# Visual Studio Version 16
VisualStudioVersion = 16.0.29806.167
MinimumVisualStudioVersion = 10.0.40219.1
Project("{FAE04EC0-301F-11D3-BF4B-00C04F79EFBC}") = "WetUm.Android", "WetUm.Android\WetUm.Android.csproj", "{E4BB256A-7FBE-4A4B-83A8-B6C4808000DF}"
EndProject
Project("{9A19103F-16F7-4668-BE54-9A1E7A4F7556}") = "WetUm", "WetUm\WetUm.csproj", "{88569608-0657-4D36-9518-D3312951D5ED}"
EndProject
Global
	GlobalSection(SolutionConfigurationPlatforms) = preSolution
		Debug|Any CPU = Debug|Any CPU
		Debug|iPhone = Debug|iPhone
		Debug|iPhoneSimulator = Debug|iPhoneSimulator
		Release|Any CPU = Release|Any CPU
		Release|iPhone = Release|iPhone
		Release|iPhoneSimulator = Release|iPhoneSimulator
	EndGlobalSection
	GlobalSection(ProjectConfigurationPlatforms) = postSolution
		{E4BB256A-7FBE-4A4B-83A8-B6C4808000DF}.Debug|Any CPU.ActiveCfg = Debug|Any CPU
		{E4BB256A-7FBE-4A4B-83A8-B6C4808000DF}.Debug|Any CPU.Build.0 = Debug|Any CPU
		{E4BB256A-7FBE-4A4B-83A8-B6C4808000DF}.Debug|Any CPU.Deploy.0 = Debug|Any CPU
		{E4BB256A-7FBE-4A4B-83A8-B6C4808000DF}.Debug|iPhone.ActiveCfg = Debug|Any CPU
		{E4BB256A-7FBE-4A4B-83A8-B6C4808000DF}.Debug|iPhone.Build.0 = Debug|Any CPU
		{E4BB256A-7FBE-4A4B-83A8-B6C4808000DF}.Debug|iPhone.Deploy.0 = Debug|Any CPU
		{E4BB256A-7FBE-4A4B-83A8-B6C4808000DF}.Debug|iPhoneSimulator.ActiveCfg = Debug|Any CPU
		{E4BB256A-7FBE-4A4B-83A8-B6C4808000DF}.Debug|iPhoneSimulator.Build.0 = Debug|Any CPU
		{E4BB256A-7FBE-4A4B-83A8-B6C4808000DF}.Debug|iPhoneSimulator.Deploy.0 = Debug|Any CPU
		{E4BB256A-7FBE-4A4B-83A8-B6C4808000DF}.Release|Any CPU.ActiveCfg = Release|Any CPU
		{E4BB256A-7FBE-4A4B-83A8-B6C4808000DF}.Release|Any CPU.Build.0 = Release|Any CPU
		{E4BB256A-7FBE-4A4B-83A8-B6C4808000DF}.Release|Any CPU.Deploy.0 = Release|Any CPU
		{E4BB256A-7FBE-4A4B-83A8-B6C4808000DF}.Release|iPhone.ActiveCfg = Release|Any CPU
		{E4BB256A-7FBE-4A4B-83A8-B6C4808000DF}.Release|iPhone.Build.0 = Release|Any CPU
		{E4BB256A-7FBE-4A4B-83A8-B6C4808000DF}.Release|iPhone.Deploy.0 = Release|Any CPU
		{E4BB256A-7FBE-4A4B-83A8-B6C4808000DF}.Release|iPhoneSimulator.ActiveCfg = Release|Any CPU
		{E4BB256A-7FBE-4A4B-83A8-B6C4808000DF}.Release|iPhoneSimulator.Build.0 = Release|Any CPU
		{E4BB256A-7FBE-4A4B-83A8-B6C4808000DF}.Release|iPhoneSimulator.Deploy.0 = Release|Any CPU
		{88569608-0657-4D36-9518-D3312951D5ED}.Debug|Any CPU.ActiveCfg = Debug|Any CPU
		{88569608-0657-4D36-9518-D3312951D5ED}.Debug|Any CPU.Build.0 = Debug|Any CPU
		{88569608-0657-4D36-9518-D3312951D5ED}.Debug|Any CPU.Deploy.0 = Debug|Any CPU
		{88569608-0657-4D36-9518-D3312951D5ED}.Debug|iPhone.ActiveCfg = Debug|Any CPU
		{88569608-0657-4D36-9518-D3312951D5ED}.Debug|iPhone.Build.0 = Debug|Any CPU
		{88569608-0657-4D36-9518-D3312951D5ED}.Debug|iPhone.Deploy.0 = Debug|Any CPU
		{88569608-0657-4D36-9518-D3312951D5ED}.Debug|iPhoneSimulator.ActiveCfg = Debug|Any CPU
		{88569608-0657-4D36-9518-D3312951D5ED}.Debug|iPhoneSimulator.Build.0 = Debug|Any CPU
		{88569608-0657-4D36-9518-D3312951D5ED}.Debug|iPhoneSimulator.Deploy.0 = Debug|Any CPU
		{88569608-0657-4D36-9518-D3312951D5ED}.Release|Any CPU.ActiveCfg = Release|Any CPU
		{88569608-0657-4D36-9518-D3312951D5ED}.Release|Any CPU.Build.0 = Release|Any CPU
		{88569608-0657-4D36-9518-D3312951D5ED}.Release|Any CPU.Deploy.0 = Release|Any CPU
		{88569608-0657-4D36-9518-D3312951D5ED}.Release|iPhone.ActiveCfg = Release|Any CPU
		{88569608-0657-4D36-9518-D3312951D5ED}.Release|iPhone.Build.0 = Release|Any CPU
		{88569608-0657-4D36-9518-D3312951D5ED}.Release|iPhone.Deploy.0 = Release|Any CPU
		{88569608-0657-4D36-9518-D3312951D5ED}.Release|iPhoneSimulator.ActiveCfg = Release|Any CPU
		{88569608-0657-4D36-9518-D3312951D5ED}.Release|iPhoneSimulator.Build.0 = Release|Any CPU
		{88569608-0657-4D36-9518-D3312951D5ED}.Release|iPhoneSimulator.Deploy.0 = Release|Any CPU
	EndGlobalSection
	GlobalSection(SolutionProperties) = preSolution
		HideSolutionNode = FALSE
	EndGlobalSection
	GlobalSection(ExtensibilityGlobals) = postSolution
		SolutionGuid = {F7D3BAC3-9E13-467B-A3DB-FB32C43CE3EF}
	EndGlobalSection
EndGlobal
